
Microsoft Visual Studio Solution File, Format Version 12.00
# Visual Studio Version 17
VisualStudioVersion = 17.8.34330.188
MinimumVisualStudioVersion = 10.0.40219.1
Project("{8BC9CEB8-8B4A-11D0-8D11-00A0C91BC942}") = "CloseHandle", "CloseHandle.vcxproj", "{332DBDF8-BDB7-49B8-B28B-A86BEBA5109C}"
EndProject
Global
	GlobalSection(SolutionConfigurationPlatforms) = preSolution
		Debug|x64 = Debug|x64
		Debug|x86 = Debug|x86
		Release|x64 = Release|x64
		Release|x86 = Release|x86
	EndGlobalSection
	GlobalSection(ProjectConfigurationPlatforms) = postSolution
		{332DBDF8-BDB7-49B8-B28B-A86BEBA5109C}.Debug|x64.ActiveCfg = Debug|x64
		{332DBDF8-BDB7-49B8-B28B-A86BEBA5109C}.Debug|x64.Build.0 = Debug|x64
		{332DBDF8-BDB7-49B8-B28B-A86BEBA5109C}.Debug|x86.ActiveCfg = Debug|Win32
		{332DBDF8-BDB7-49B8-B28B-A86BEBA5109C}.Debug|x86.Build.0 = Debug|Win32
		{332DBDF8-BDB7-49B8-B28B-A86BEBA5109C}.Release|x64.ActiveCfg = Release|x64
		{332DBDF8-BDB7-49B8-B28B-A86BEBA5109C}.Release|x64.Build.0 = Release|x64
		{332DBDF8-BDB7-49B8-B28B-A86BEBA5109C}.Release|x86.ActiveCfg = Release|Win32
		{332DBDF8-BDB7-49B8-B28B-A86BEBA5109C}.Release|x86.Build.0 = Release|Win32
	EndGlobalSection
	GlobalSection(SolutionProperties) = preSolution
		HideSolutionNode = FALSE
	EndGlobalSection
	GlobalSection(ExtensibilityGlobals) = postSolution
		SolutionGuid = {2E9A401C-2805-4C01-8D5E-2D5BD4B3A819}
	EndGlobalSection
EndGlobal
